
Microsoft Visual Studio Solution File, Format Version 12.00
# Visual Studio Version 16
VisualStudioVersion = 16.0.30907.101
MinimumVisualStudioVersion = 10.0.40219.1
Project("{FAE04EC0-301F-11D3-BF4B-00C04F79EFBC}") = "JellyMove", "JellyMove\JellyMove.csproj", "{671F7B4E-16A0-4556-8B7C-42FEE5BEF0B9}"
EndProject
Project("{FAE04EC0-301F-11D3-BF4B-00C04F79EFBC}") = "JellyMoveLib", "JellyMoveLib\JellyMoveLib.csproj", "{BF1991C5-8D80-421D-BED9-2F8E5AF12E28}"
EndProject
Project("{FAE04EC0-301F-11D3-BF4B-00C04F79EFBC}") = "JellyMoveTest", "JellyMoveTest\JellyMoveTest.csproj", "{6DDF567F-C118-4D8E-B83A-19AE910A61B6}"
EndProject
Global
	GlobalSection(SolutionConfigurationPlatforms) = preSolution
		Debug|Any CPU = Debug|Any CPU
		Release|Any CPU = Release|Any CPU
	EndGlobalSection
	GlobalSection(ProjectConfigurationPlatforms) = postSolution
		{671F7B4E-16A0-4556-8B7C-42FEE5BEF0B9}.Debug|Any CPU.ActiveCfg = Debug|Any CPU
		{671F7B4E-16A0-4556-8B7C-42FEE5BEF0B9}.Debug|Any CPU.Build.0 = Debug|Any CPU
		{671F7B4E-16A0-4556-8B7C-42FEE5BEF0B9}.Release|Any CPU.ActiveCfg = Release|Any CPU
		{671F7B4E-16A0-4556-8B7C-42FEE5BEF0B9}.Release|Any CPU.Build.0 = Release|Any CPU
		{BF1991C5-8D80-421D-BED9-2F8E5AF12E28}.Debug|Any CPU.ActiveCfg = Debug|Any CPU
		{BF1991C5-8D80-421D-BED9-2F8E5AF12E28}.Debug|Any CPU.Build.0 = Debug|Any CPU
		{BF1991C5-8D80-421D-BED9-2F8E5AF12E28}.Release|Any CPU.ActiveCfg = Release|Any CPU
		{BF1991C5-8D80-421D-BED9-2F8E5AF12E28}.Release|Any CPU.Build.0 = Release|Any CPU
		{6DDF567F-C118-4D8E-B83A-19AE910A61B6}.Debug|Any CPU.ActiveCfg = Debug|Any CPU
		{6DDF567F-C118-4D8E-B83A-19AE910A61B6}.Debug|Any CPU.Build.0 = Debug|Any CPU
		{6DDF567F-C118-4D8E-B83A-19AE910A61B6}.Release|Any CPU.ActiveCfg = Release|Any CPU
		{6DDF567F-C118-4D8E-B83A-19AE910A61B6}.Release|Any CPU.Build.0 = Release|Any CPU
	EndGlobalSection
	GlobalSection(SolutionProperties) = preSolution
		HideSolutionNode = FALSE
	EndGlobalSection
	GlobalSection(ExtensibilityGlobals) = postSolution
		SolutionGuid = {2A9200D1-085A-4C56-97FC-FF17473574A6}
	EndGlobalSection
EndGlobal
